<?xml version="1.0" encoding="utf-8"?>
<Project ToolsVersion="4.0" xmlns="http://schemas.microsoft.com/developer/msbuild/2003">
  <ItemGroup>
    <ClCompile Include="C:\KamataEngine\DirectXGame\base\StringUtility.cpp" />
    <ClCompile Include="C:\KamataEngine\DirectXGame\base\DirectXCommon.cpp" />
    <ClCompile Include="C:\KamataEngine\DirectXGame\base\WinApp.cpp" />
    <ClCompile Include="C:\KamataEngine\DirectXGame\scene\GameScene.cpp" />
    <ClCompile Include="C:\KamataEngine\DirectXGame\base\TextureManager.cpp" />
    <ClCompile Include="C:\KamataEngine\DirectXGame\2d\ImGuiManager.cpp" />
    <ClCompile Include="C:\KamataEngine\Adapter\Novice.cpp" />
    <ClCompile Include="Enemy.cpp" />
    <ClCompile Include="main.cpp" />
    <ClCompile Include="player.cpp" />
    <ClCompile Include="System.cpp" />
    <ClCompile Include="weapon.cpp" />
    <ClCompile Include="EnemyBullet.cpp" />
    <ClCompile Include="Ultimate.cpp" />
  </ItemGroup>
  <ItemGroup>
    <ClInclude Include="C:\KamataEngine\DirectXGame\base\StringUtility.h" />
    <ClInclude Include="C:\KamataEngine\DirectXGame\math\Matrix4x4.h" />
    <ClInclude Include="C:\KamataEngine\DirectXGame\math\Vector2.h" />
    <ClInclude Include="C:\KamataEngine\DirectXGame\math\Vector3.h" />
    <ClInclude Include="C:\KamataEngine\DirectXGame\math\Vector4.h" />
    <ClInclude Include="C:\KamataEngine\DirectXGame\3d\CircleShadow.h" />
    <ClInclude Include="C:\KamataEngine\DirectXGame\3d\DebugCamera.h" />
    <ClInclude Include="C:\KamataEngine\DirectXGame\3d\DirectionalLight.h" />
    <ClInclude Include="C:\KamataEngine\DirectXGame\3d\LightGroup.h" />
    <ClInclude Include="C:\KamataEngine\DirectXGame\3d\Material.h" />
    <ClInclude Include="C:\KamataEngine\DirectXGame\3d\Mesh.h" />
    <ClInclude Include="C:\KamataEngine\DirectXGame\3d\PointLight.h" />
    <ClInclude Include="C:\KamataEngine\DirectXGame\3d\SpotLight.h" />
    <ClInclude Include="C:\KamataEngine\DirectXGame\2d\DebugText.h" />
    <ClInclude Include="C:\KamataEngine\DirectXGame\2d\Sprite.h" />
    <ClInclude Include="C:\KamataEngine\DirectXGame\2d\ImGuiManager.h" />
    <ClInclude Include="C:\KamataEngine\DirectXGame\3d\Model.h" />
    <ClInclude Include="C:\KamataEngine\DirectXGame\3d\ViewProjection.h" />
    <ClInclude Include="C:\KamataEngine\DirectXGame\3d\WorldTransform.h" />
    <ClInclude Include="C:\KamataEngine\DirectXGame\audio\Audio.h" />
    <ClInclude Include="C:\KamataEngine\DirectXGame\base\DirectXCommon.h" />
    <ClInclude Include="C:\KamataEngine\DirectXGame\base\SafeDelete.h" />
    <ClInclude Include="C:\KamataEngine\DirectXGame\base\TextureManager.h" />
    <ClInclude Include="C:\KamataEngine\DirectXGame\base\WinApp.h" />
    <ClInclude Include="C:\KamataEngine\DirectXGame\input\Input.h" />
    <ClInclude Include="C:\KamataEngine\DirectXGame\scene\GameScene.h" />
    <ClInclude Include="C:\KamataEngine\Adapter\Novice.h" />
    <ClInclude Include="enum.h" />
    <ClInclude Include="Object.h" />
    <ClInclude Include="Enemy.h" />
    <ClInclude Include="player.h" />
    <ClInclude Include="struct.h" />
    <ClInclude Include="System.h" />
    <ClInclude Include="weapon.h" />
    <ClInclude Include="EnemyBullet.h" />
    <ClInclude Include="Ultimate.h" />
  </ItemGroup>
</Project>