<?xml version="1.0" encoding="utf-8"?>
<Project ToolsVersion="4.0" xmlns="http://schemas.microsoft.com/developer/msbuild/2003">
  <ItemGroup>
    <ClCompile Include="C:\KamataEngine\DirectXGame\base\StringUtility.cpp" />
    <ClCompile Include="C:\KamataEngine\DirectXGame\base\DirectXCommon.cpp" />
    <ClCompile Include="C:\KamataEngine\DirectXGame\base\WinApp.cpp" />
    <ClCompile Include="C:\KamataEngine\DirectXGame\scene\GameScene.cpp" />
    <ClCompile Include="C:\KamataEngine\DirectXGame\base\TextureManager.cpp" />
    <ClCompile Include="C:\KamataEngine\DirectXGame\2d\ImGuiManager.cpp" />
    <ClCompile Include="C:\KamataEngine\Adapter\Novice.cpp" />
    <ClCompile Include="Enemy.cpp" />
    <ClCompile Include="main.cpp" />
    <ClCompile Include="player.cpp" />
    <ClCompile Include="System.cpp" />
    <ClCompile Include="weapon.cpp" />
    <ClCompile Include="EnemyBullet.cpp" />
    <ClCompile Include="Ultimate.cpp" />
  </ItemGroup>
  <ItemGroup>
    <ClInclude Include="C:\KamataEngine\DirectXGame\base\StringUtility.h" />
    <ClInclude Include="C:\KamataEngine\DirectXGame\math\Matrix4x4.h" />
    <ClInclude Include="C:\KamataEngine\DirectXGame\math\Vector2.h" />
    <ClInclude Include="C:\KamataEngine\DirectXGame\math\Vector3.h" />
    <ClInclude Include="C:\KamataEngine\DirectXGame\math\Vector4.h" />
    <ClInclude Include="C:\KamataEngine\DirectXGame\3d\CircleShadow.h" />
    <ClInclude Include="C:\KamataEngine\DirectXGame\3d\DebugCamera.h" />
    <ClInclude Include="C:\KamataEngine\DirectXGame\3d\DirectionalLight.h" />
    <ClInclude Include="C:\KamataEngine\DirectXGame\3d\LightGroup.h" />
    <ClInclude Include="C:\KamataEngine\DirectXGame\3d\Material.h" />
    <ClInclude Include="C:\KamataEngine\DirectXGame\3d\Mesh.h" />
    <ClInclude Include="C:\KamataEngine\DirectXGame\3d\PointLight.h" />
    <ClInclude Include="C:\KamataEngine\DirectXGame\3d\SpotLight.h" />
    <ClInclude Include="C:\KamataEngine\DirectXGame\2d\DebugText.h" />
    <ClInclude Include="C:\KamataEngine\DirectXGame\2d\Sprite.h" />
    <ClInclude Include="C:\KamataEngine\DirectXGame\2d\ImGuiManager.h" />
    <ClInclude Include="C:\KamataEngine\DirectXGame\3d\Model.h" />
    <ClInclude Include="C:\KamataEngine\DirectXGame\3d\ViewProjection.h" />
    <ClInclude Include="C:\KamataEngine\DirectXGame\3d\WorldTransform.h" />
    <ClInclude Include="C:\KamataEngine\DirectXGame\audio\Audio.h" />
    <ClInclude Include="C:\KamataEngine\DirectXGame\base\DirectXCommon.h" />
    <ClInclude Include="C:\KamataEngine\DirectXGame\base\SafeDelete.h" />
    <ClInclude Include="C:\KamataEngine\DirectXGame\base\TextureManager.h" />
    <ClInclude Include="C:\KamataEngine\DirectXGame\base\WinApp.h" />
    <ClInclude Include="C:\KamataEngine\DirectXGame\input\Input.h" />
    <ClInclude Include="C:\KamataEngine\DirectXGame\scene\GameScene.h" />
    <ClInclude Include="C:\KamataEngine\Adapter\Novice.h" />
    <ClInclude Include="enum.h" />
    <ClInclude Include="Object.h" />
    <ClInclude Include="Enemy.h" />
    <ClInclude Include="player.h" />
    <ClInclude Include="struct.h" />
    <ClInclude Include="System.h" />
    <ClInclude Include="weapon.h" />
    <ClInclude Include="EnemyBullet.h" />
    <ClInclude Include="Ultimate.h" />
  </ItemGroup>
  <ItemGroup>
    <Filter Include="ヘッダー入れるとこ">
      <UniqueIdentifier>{7f88eb23-cc7e-4fc3-936a-cab93b738d2b}</UniqueIdentifier>
    </Filter>
    <Filter Include="KamataEngine">
      <UniqueIdentifier>{12be2b9e-5549-4c25-946e-058819569f94}</UniqueIdentifier>
    </Filter>
    <Filter Include="KamataEngine\Adapter">
      <UniqueIdentifier>{3f61bd92-b800-40e9-a883-571295a1469f}</UniqueIdentifier>
    </Filter>
    <Filter Include="KamataEngine\Include">
      <UniqueIdentifier>{381a5fac-e724-4f07-bf38-22d2a20178a0}</UniqueIdentifier>
    </Filter>
    <Filter Include="KamataEngine\Source">
      <UniqueIdentifier>{474790d0-a514-4abd-9cca-b7bfeb035de4}</UniqueIdentifier>
    </Filter>
    <Filter Include="ソースは中濃">
      <UniqueIdentifier>{9ffb0d3b-9093-4d76-92ac-f87516943521}</UniqueIdentifier>
    </Filter>
    <Filter Include="古参勢">
      <UniqueIdentifier>{78492c2e-4fb1-46f6-982e-339594b054c3}</UniqueIdentifier>
    </Filter>
    <Filter Include="ソースは中濃\Player">
      <UniqueIdentifier>{54215948-46d3-48c3-8c04-0d7f21b42edf}</UniqueIdentifier>
    </Filter>
    <Filter Include="ソースは中濃\Enemy">
      <UniqueIdentifier>{507d9709-99dc-43f3-9afc-ec83c96befea}</UniqueIdentifier>
    </Filter>
    <Filter Include="ヘッダー入れるとこ\Player">
      <UniqueIdentifier>{9ce8ca22-9ca3-472c-a00f-2ea51938458e}</UniqueIdentifier>
    </Filter>
    <Filter Include="ヘッダー入れるとこ\Enemy">
      <UniqueIdentifier>{9ee79f41-8fcf-47fb-95cd-4c0e4d1efff6}</UniqueIdentifier>
    </Filter>
  </ItemGroup>
</Project>